
Microsoft Visual Studio Solution File, Format Version 12.00
# Visual Studio 14
VisualStudioVersion = 14.0.23107.0
MinimumVisualStudioVersion = 10.0.40219.1
Project("{FAE04EC0-301F-11D3-BF4B-00C04F79EFBC}") = "GitTestApplication", "GitTestApplication\GitTestApplication.csproj", "{4EA5A374-E49F-45F5-93BB-5080A5B6AE3A}"
EndProject
Global
	GlobalSection(SolutionConfigurationPlatforms) = preSolution
		Debug|Any CPU = Debug|Any CPU
		Release|Any CPU = Release|Any CPU
	EndGlobalSection
	GlobalSection(ProjectConfigurationPlatforms) = postSolution
		{4EA5A374-E49F-45F5-93BB-5080A5B6AE3A}.Debug|Any CPU.ActiveCfg = Debug|Any CPU
		{4EA5A374-E49F-45F5-93BB-5080A5B6AE3A}.Debug|Any CPU.Build.0 = Debug|Any CPU
		{4EA5A374-E49F-45F5-93BB-5080A5B6AE3A}.Release|Any CPU.ActiveCfg = Release|Any CPU
		{4EA5A374-E49F-45F5-93BB-5080A5B6AE3A}.Release|Any CPU.Build.0 = Release|Any CPU
	EndGlobalSection
	GlobalSection(SolutionProperties) = preSolution
		HideSolutionNode = FALSE
	EndGlobalSection
EndGlobal
